
Microsoft Visual Studio Solution File, Format Version 12.00
# Visual Studio 15
VisualStudioVersion = 15.0.28010.2016
MinimumVisualStudioVersion = 10.0.40219.1
Project("{FAE04EC0-301F-11D3-BF4B-00C04F79EFBC}") = "Задача 2 Вариант 14", "Задача 2 Вариант 14\Задача 2 Вариант 14.csproj", "{523E5874-9063-409A-B0A9-CAA46B4CF7D1}"
EndProject
Global
	GlobalSection(SolutionConfigurationPlatforms) = preSolution
		Debug|Any CPU = Debug|Any CPU
		Release|Any CPU = Release|Any CPU
	EndGlobalSection
	GlobalSection(ProjectConfigurationPlatforms) = postSolution
		{523E5874-9063-409A-B0A9-CAA46B4CF7D1}.Debug|Any CPU.ActiveCfg = Debug|Any CPU
		{523E5874-9063-409A-B0A9-CAA46B4CF7D1}.Debug|Any CPU.Build.0 = Debug|Any CPU
		{523E5874-9063-409A-B0A9-CAA46B4CF7D1}.Release|Any CPU.ActiveCfg = Release|Any CPU
		{523E5874-9063-409A-B0A9-CAA46B4CF7D1}.Release|Any CPU.Build.0 = Release|Any CPU
	EndGlobalSection
	GlobalSection(SolutionProperties) = preSolution
		HideSolutionNode = FALSE
	EndGlobalSection
	GlobalSection(ExtensibilityGlobals) = postSolution
		SolutionGuid = {10B9C155-03B7-4923-9B71-B9DC2038DD7E}
	EndGlobalSection
EndGlobal
